{
  "version": 1,
  "dependencies": {
    "net10.0": {
      "Microsoft.CodeAnalysis.CSharp": {
        "type": "Direct",
        "requested": "[5.3.0, )",
        "resolved": "5.3.0",
        "contentHash": "SQFNGQF4f7UfDXKxMzzGNMr3fjrPDIjLfmRvvVgDCw+dyvEHDaRfHuKA5q0Pr0/JW0Gcw89TxrxrS/MjwBvluQ==",
        "dependencies": {
          "Microsoft.CodeAnalysis.Analyzers": "5.3.0-2.25625.1",
          "Microsoft.CodeAnalysis.Common": "[5.3.0]"
        }
      },
      "Microsoft.Extensions.Primitives": {
        "type": "Direct",
        "requested": "[10.0.6, )",
        "resolved": "10.0.6",
        "contentHash": "L8P21mqaG+CXvPheLndean/cHCOcItJqH8nx+0YQnK7wAiOR0G1IOC418ZSzTMD2D6Gmo0f2M5WR70XtpX2B8g=="
      },
      "System.Collections.Immutable": {
        "type": "Direct",
        "requested": "[10.0.7, )",
        "resolved": "10.0.7",
        "contentHash": "0Ti4Jv1ga3eurH5HaCVsPybcBl+08YfzM9smqAJzHvqV494xK+0pSbytGrMTWhph+zsyKIaoGNiR5u3by5bj+A=="
      },
      "Microsoft.CodeAnalysis.Analyzers": {
        "type": "Transitive",
        "resolved": "5.3.0-2.25625.1",
        "contentHash": "4Yhh2fnu3G+J0J1lDc8WZVgMjgbynSeTfkl5IFJMFrmiIO0sc7Tjx+f3sFVV8Sd35PrIUWfof0RWc3lAMl7Azg=="
      },
      "Microsoft.CodeAnalysis.Common": {
        "type": "Transitive",
        "resolved": "5.3.0",
        "contentHash": "uC0qk3jzTQY7i90ehfnCqaOZpBUGJyPMiHJ3c0jOb8yaPBjWzIhVdNxPbeVzI74DB0C+YgBKPLqUkgFZzua5Mg==",
        "dependencies": {
          "Microsoft.CodeAnalysis.Analyzers": "5.3.0-2.25625.1"
        }
      }
    }
  }
}