{
  "version": 1,
  "dependencies": {
    "net5.0": {
      "Microsoft.CodeAnalysis.Analyzers": {
        "type": "Direct",
        "requested": "[3.3.0, )",
        "resolved": "3.3.0",
        "contentHash": "DGStrsethnSDdsjTireE68Vu6kXxyvdbJCQjNJTeT620l9XG9fVVz8UYlR7cXVnG+p0UuXkRyLZRj9tw6tUXlw=="
      },
      "Microsoft.CodeAnalysis.CSharp": {
        "type": "Direct",
        "requested": "[3.7.0, )",
        "resolved": "3.7.0",
        "contentHash": "sKi5PIVy9nVDerkbplY6OQhJBNzEO4XJsMGrnmb6KFEa6K1ulGCHIv6NtDjdUQ/dGrouU3OExc3yzww0COD76w==",
        "dependencies": {
          "Microsoft.CodeAnalysis.Common": "[3.7.0]"
        }
      },
      "Microsoft.CodeAnalysis.FxCopAnalyzers": {
        "type": "Direct",
        "requested": "[3.3.0, )",
        "resolved": "3.3.0",
        "contentHash": "k3Icqx8kc+NrHImuiB8Jc/wd32Xeyd2B/7HOR5Qu9pyKzXQ4ikPeBAwzG2FSTuYhyIuNWvwL5k9yYBbbVz6w9w==",
        "dependencies": {
          "Microsoft.CodeAnalysis.VersionCheckAnalyzer": "[3.3.0]",
          "Microsoft.CodeQuality.Analyzers": "[3.3.0]",
          "Microsoft.NetCore.Analyzers": "[3.3.0]",
          "Microsoft.NetFramework.Analyzers": "[3.3.0]"
        }
      },
      "Microsoft.Extensions.Hosting": {
        "type": "Direct",
        "requested": "[5.0.0-preview.7.20364.11, )",
        "resolved": "5.0.0-preview.7.20364.11",
        "contentHash": "w5raDZrnwSUOmyK7aMt317L5K+ZjKepRhvrN1D3/WnLOxETkQ5YsiuLs/hmC6QvbCgpplhf4OL4AhQbu8Wb8Bw==",
        "dependencies": {
          "Microsoft.Extensions.Configuration": "5.0.0-preview.7.20364.11",
          "Microsoft.Extensions.Configuration.Abstractions": "5.0.0-preview.7.20364.11",
          "Microsoft.Extensions.Configuration.Binder": "5.0.0-preview.7.20364.11",
          "Microsoft.Extensions.Configuration.CommandLine": "5.0.0-preview.7.20364.11",
          "Microsoft.Extensions.Configuration.EnvironmentVariables": "5.0.0-preview.7.20364.11",
          "Microsoft.Extensions.Configuration.FileExtensions": "5.0.0-preview.7.20364.11",
          "Microsoft.Extensions.Configuration.Json": "5.0.0-preview.7.20364.11",
          "Microsoft.Extensions.Configuration.UserSecrets": "5.0.0-preview.7.20364.11",
          "Microsoft.Extensions.DependencyInjection": "5.0.0-preview.7.20364.11",
          "Microsoft.Extensions.DependencyInjection.Abstractions": "5.0.0-preview.7.20364.11",
          "Microsoft.Extensions.FileProviders.Abstractions": "5.0.0-preview.7.20364.11",
          "Microsoft.Extensions.FileProviders.Physical": "5.0.0-preview.7.20364.11",
          "Microsoft.Extensions.Hosting.Abstractions": "5.0.0-preview.7.20364.11",
          "Microsoft.Extensions.Logging": "5.0.0-preview.7.20364.11",
          "Microsoft.Extensions.Logging.Abstractions": "5.0.0-preview.7.20364.11",
          "Microsoft.Extensions.Logging.Configuration": "5.0.0-preview.7.20364.11",
          "Microsoft.Extensions.Logging.Console": "5.0.0-preview.7.20364.11",
          "Microsoft.Extensions.Logging.Debug": "5.0.0-preview.7.20364.11",
          "Microsoft.Extensions.Logging.EventLog": "5.0.0-preview.7.20364.11",
          "Microsoft.Extensions.Logging.EventSource": "5.0.0-preview.7.20364.11",
          "Microsoft.Extensions.Options": "5.0.0-preview.7.20364.11"
        }
      },
      "Serilog.Extensions.Hosting": {
        "type": "Direct",
        "requested": "[3.1.0, )",
        "resolved": "3.1.0",
        "contentHash": "+NnmORRm9Tzzb9ZY9mgLEr9TRdayaOUdiegq9/4Bv8MSDpBeydxF+X3ea5riui1EzGUId+hpwy7j1hqcXs5Cdw==",
        "dependencies": {
          "Microsoft.Extensions.DependencyInjection.Abstractions": "2.1.0",
          "Microsoft.Extensions.Hosting.Abstractions": "2.1.0",
          "Microsoft.Extensions.Logging.Abstractions": "2.1.0",
          "Serilog": "2.8.0",
          "Serilog.Extensions.Logging": "3.0.1"
        }
      },
      "Serilog.Sinks.Console": {
        "type": "Direct",
        "requested": "[4.0.0-dev-00839, )",
        "resolved": "4.0.0-dev-00839",
        "contentHash": "ZFk+UZKpkuApcs1peDfqtG7Y/3ksiv6y0b0KZSaDTUNSiYPZBEVSUC2ZH7Ib9SweU6I4Vwm8+666PUmkoVaVhQ==",
        "dependencies": {
          "Serilog": "2.8.0"
        }
      },
      "JetBrains.Annotations": {
        "type": "Transitive",
        "resolved": "2019.1.3",
        "contentHash": "E0x48BwZJKoNMNCekWGKsV4saQS89lf58ydT2szseV44CMYIbaHXjc7+305WLw6up3ibZN9yH6QdGSZo5tQhLg=="
      },
      "Microsoft.CodeAnalysis.Common": {
        "type": "Transitive",
        "resolved": "3.7.0",
        "contentHash": "SFEdnbw8204hTlde3JePYSIpNX58h/MMXa7LctUsUDigWMR8Ar9gE8LnsLqAIFM0O33JEuQbJ0G4Sat+cPGldw==",
        "dependencies": {
          "Microsoft.CodeAnalysis.Analyzers": "3.0.0",
          "System.Collections.Immutable": "1.5.0",
          "System.Memory": "4.5.4",
          "System.Reflection.Metadata": "1.6.0",
          "System.Runtime.CompilerServices.Unsafe": "4.7.0",
          "System.Text.Encoding.CodePages": "4.5.1",
          "System.Threading.Tasks.Extensions": "4.5.3"
        }
      },
      "Microsoft.CodeAnalysis.VersionCheckAnalyzer": {
        "type": "Transitive",
        "resolved": "3.3.0",
        "contentHash": "xjLM3DRFZMan3nQyBQEM1mBw6VqQybi4iMJhMFW6Ic1E1GCvqJR3ABOwEL7WtQjDUzxyrGld9bASnAos7G/Xyg=="
      },
      "Microsoft.CodeQuality.Analyzers": {
        "type": "Transitive",
        "resolved": "3.3.0",
        "contentHash": "zZ3miq6u22UFQKhfJyLnVEJ+DgeOopLh3eKJnKAcOetPP2hiv3wa7kHZlBDeTvtqJQiAQhAVbttket8XxjN1zw=="
      },
      "Microsoft.Extensions.Configuration": {
        "type": "Transitive",
        "resolved": "5.0.0-preview.7.20364.11",
        "contentHash": "2rr8r66lVPxYgen2JxX8Be9D3HAfNVP8KLmW83lf4S0yjEPbUU432/UePt1ccVIvvRkhBkXYPI6cRxebe7urGg==",
        "dependencies": {
          "Microsoft.Extensions.Configuration.Abstractions": "5.0.0-preview.7.20364.11",
          "Microsoft.Extensions.Primitives": "5.0.0-preview.7.20364.11"
        }
      },
      "Microsoft.Extensions.Configuration.Abstractions": {
        "type": "Transitive",
        "resolved": "5.0.0-preview.7.20364.11",
        "contentHash": "uMag7sr+VG/1o9cEKYnKYGK0700xog1JTV8vjS5EWvdUaXaUUm8s0sXM9aIKE/8ibs83MIGoSo5smBtM+N2OWA==",
        "dependencies": {
          "Microsoft.Extensions.Primitives": "5.0.0-preview.7.20364.11"
        }
      },
      "Microsoft.Extensions.Configuration.Binder": {
        "type": "Transitive",
        "resolved": "5.0.0-preview.7.20364.11",
        "contentHash": "R69xwaTbrmIkAWCy4C7CxPR81vxl0gFFOJbX4Z0uV/fYIA32X/p3/o7nhBXcCD9SbkR0uhSgoq+E5Sg6i/0JUQ==",
        "dependencies": {
          "Microsoft.Extensions.Configuration.Abstractions": "5.0.0-preview.7.20364.11"
        }
      },
      "Microsoft.Extensions.Configuration.CommandLine": {
        "type": "Transitive",
        "resolved": "5.0.0-preview.7.20364.11",
        "contentHash": "1wMevcTsEmNPboCHyaFxbeNUy9SX1Dpz8E3xX/rK1FPZCIhhKHyZPTRYuEYNS2BPbtpDb3aJs8ihdfzmW70Krw==",
        "dependencies": {
          "Microsoft.Extensions.Configuration": "5.0.0-preview.7.20364.11",
          "Microsoft.Extensions.Configuration.Abstractions": "5.0.0-preview.7.20364.11"
        }
      },
      "Microsoft.Extensions.Configuration.EnvironmentVariables": {
        "type": "Transitive",
        "resolved": "5.0.0-preview.7.20364.11",
        "contentHash": "X85ZzyPmjbWiQm44ZVzsw7OPDZepwPnwcyQKstJjX//fHlFZ9MGV2xK5+6n6eYplcO/G4nz21Hkw7v6VVv9H7A==",
        "dependencies": {
          "Microsoft.Extensions.Configuration": "5.0.0-preview.7.20364.11",
          "Microsoft.Extensions.Configuration.Abstractions": "5.0.0-preview.7.20364.11"
        }
      },
      "Microsoft.Extensions.Configuration.FileExtensions": {
        "type": "Transitive",
        "resolved": "5.0.0-preview.7.20364.11",
        "contentHash": "3FV8Vq3dkFBOctw6+mETnrhRHDalVjF/bTx2x7Rn04lsxg2jnPds2b04hyXvHRALhzqZgqxgPoZU8WUDzKnvrQ==",
        "dependencies": {
          "Microsoft.Extensions.Configuration": "5.0.0-preview.7.20364.11",
          "Microsoft.Extensions.Configuration.Abstractions": "5.0.0-preview.7.20364.11",
          "Microsoft.Extensions.FileProviders.Abstractions": "5.0.0-preview.7.20364.11",
          "Microsoft.Extensions.FileProviders.Physical": "5.0.0-preview.7.20364.11",
          "Microsoft.Extensions.Primitives": "5.0.0-preview.7.20364.11"
        }
      },
      "Microsoft.Extensions.Configuration.Json": {
        "type": "Transitive",
        "resolved": "5.0.0-preview.7.20364.11",
        "contentHash": "CY7arFrIQqfq58fKTS6zSgYiYIy6xhKB5nWpnG1blsuh2G0c7s5iF/wZshpVwLvtPbWWaSfq4eK+JAnPvrRP4Q==",
        "dependencies": {
          "Microsoft.Extensions.Configuration": "5.0.0-preview.7.20364.11",
          "Microsoft.Extensions.Configuration.Abstractions": "5.0.0-preview.7.20364.11",
          "Microsoft.Extensions.Configuration.FileExtensions": "5.0.0-preview.7.20364.11",
          "Microsoft.Extensions.FileProviders.Abstractions": "5.0.0-preview.7.20364.11"
        }
      },
      "Microsoft.Extensions.Configuration.UserSecrets": {
        "type": "Transitive",
        "resolved": "5.0.0-preview.7.20364.11",
        "contentHash": "5g5iwFe/suCGFGmoPTJh3dzfJcDVz2mx993y5j6NAy1fFsEToOQNa8y5ztYDVWs0R+cvsUjzI/X4Y9XACLs3rQ==",
        "dependencies": {
          "Microsoft.Extensions.Configuration.Abstractions": "5.0.0-preview.7.20364.11",
          "Microsoft.Extensions.Configuration.Json": "5.0.0-preview.7.20364.11",
          "Microsoft.Extensions.FileProviders.Abstractions": "5.0.0-preview.7.20364.11",
          "Microsoft.Extensions.FileProviders.Physical": "5.0.0-preview.7.20364.11"
        }
      },
      "Microsoft.Extensions.DependencyInjection": {
        "type": "Transitive",
        "resolved": "5.0.0-preview.7.20364.11",
        "contentHash": "+mZHhzJZUSPJW2k+ZJnESnTNqfJZALRD1PIwrOgtgZ6/bD7UgExrP5Ii2nZJZ370l4AGAOFHC8Ckh9v0RfF83Q==",
        "dependencies": {
          "Microsoft.Extensions.DependencyInjection.Abstractions": "5.0.0-preview.7.20364.11"
        }
      },
      "Microsoft.Extensions.DependencyInjection.Abstractions": {
        "type": "Transitive",
        "resolved": "5.0.0-preview.7.20364.11",
        "contentHash": "PloUPPg1uMv41XmcqxTb7eKBpKKFfi+jWO9ZHjoMPw4ifF2+kAlebghZW6KZpB/y0kCpScZX8dzdaKDmGXgOMg=="
      },
      "Microsoft.Extensions.FileProviders.Abstractions": {
        "type": "Transitive",
        "resolved": "5.0.0-preview.7.20364.11",
        "contentHash": "WC0AAPa5yefCMqTwyBCh9d7Ubo89TqmmVmDllzOWwmxanQbE4Ea/LvfoRZ0eJHJAYabV8bjXR9lczL0R8QksIA==",
        "dependencies": {
          "Microsoft.Extensions.Primitives": "5.0.0-preview.7.20364.11"
        }
      },
      "Microsoft.Extensions.FileProviders.Physical": {
        "type": "Transitive",
        "resolved": "5.0.0-preview.7.20364.11",
        "contentHash": "yyIc1w93ZQrEBVFzItGbuIpzvmWtmlSbPu5OuXbqYA+VIYT9PLTRcZAwPfR9TL3Bnpe9kN/vh2myBHlE9f2caA==",
        "dependencies": {
          "Microsoft.Extensions.FileProviders.Abstractions": "5.0.0-preview.7.20364.11",
          "Microsoft.Extensions.FileSystemGlobbing": "5.0.0-preview.7.20364.11",
          "Microsoft.Extensions.Primitives": "5.0.0-preview.7.20364.11"
        }
      },
      "Microsoft.Extensions.FileSystemGlobbing": {
        "type": "Transitive",
        "resolved": "5.0.0-preview.7.20364.11",
        "contentHash": "7Z6CSGc8XTutriYL4iSaVZODZVW/ZFfkjS+ihJ1s0KKXdaV2cv+FD19FkeUDaHvOZb7g2JWux3jwlZeQUcallw=="
      },
      "Microsoft.Extensions.Hosting.Abstractions": {
        "type": "Transitive",
        "resolved": "5.0.0-preview.7.20364.11",
        "contentHash": "ovKcv1DUSfYCCskkQajAD1su36cvH0ZVXG6lRiV7kuDO84RLEIKZw2qx45WcJRz8hm1FOJPGyHusKLwop1kjZg==",
        "dependencies": {
          "Microsoft.Extensions.Configuration.Abstractions": "5.0.0-preview.7.20364.11",
          "Microsoft.Extensions.DependencyInjection.Abstractions": "5.0.0-preview.7.20364.11",
          "Microsoft.Extensions.FileProviders.Abstractions": "5.0.0-preview.7.20364.11"
        }
      },
      "Microsoft.Extensions.Logging": {
        "type": "Transitive",
        "resolved": "5.0.0-preview.7.20364.11",
        "contentHash": "xMUyaZYzzVacrx6wdGh8Whyow58kHIbg4LuMVU1H/erCCpl7qydcpt/oveeVAR84sNOCD6lS4XRmurZJxr6vOA==",
        "dependencies": {
          "Microsoft.Extensions.DependencyInjection": "5.0.0-preview.7.20364.11",
          "Microsoft.Extensions.DependencyInjection.Abstractions": "5.0.0-preview.7.20364.11",
          "Microsoft.Extensions.Logging.Abstractions": "5.0.0-preview.7.20364.11",
          "Microsoft.Extensions.Options": "5.0.0-preview.7.20364.11"
        }
      },
      "Microsoft.Extensions.Logging.Abstractions": {
        "type": "Transitive",
        "resolved": "5.0.0-preview.7.20364.11",
        "contentHash": "zDDR/+7a4U6qbLRt79tvH/5FRBHsfMIUcAcVfDHLPXxLfYCIdUwnxhgtpzEF8F3XRfVDaDyABGJgldr/6tzLvw=="
      },
      "Microsoft.Extensions.Logging.Configuration": {
        "type": "Transitive",
        "resolved": "5.0.0-preview.7.20364.11",
        "contentHash": "v2cFHFoR83TM62IguPokYpXXr4qb6BqYdbp0l0CoEcb80NNBygVXxVyPLexcdM5qgTfx4qHhyXAp7yurD3BpkA==",
        "dependencies": {
          "Microsoft.Extensions.Configuration": "5.0.0-preview.7.20364.11",
          "Microsoft.Extensions.Configuration.Abstractions": "5.0.0-preview.7.20364.11",
          "Microsoft.Extensions.Configuration.Binder": "5.0.0-preview.7.20364.11",
          "Microsoft.Extensions.DependencyInjection.Abstractions": "5.0.0-preview.7.20364.11",
          "Microsoft.Extensions.Logging": "5.0.0-preview.7.20364.11",
          "Microsoft.Extensions.Logging.Abstractions": "5.0.0-preview.7.20364.11",
          "Microsoft.Extensions.Options": "5.0.0-preview.7.20364.11",
          "Microsoft.Extensions.Options.ConfigurationExtensions": "5.0.0-preview.7.20364.11"
        }
      },
      "Microsoft.Extensions.Logging.Console": {
        "type": "Transitive",
        "resolved": "5.0.0-preview.7.20364.11",
        "contentHash": "RrMeFMBNomtMsjY4yVpAn1XmedKhNIoW/4cObWM/bgbdEQfksA7dGNXBiQEL9mDCV+6i4hKEn83AGqYAinzYEg==",
        "dependencies": {
          "Microsoft.Extensions.DependencyInjection.Abstractions": "5.0.0-preview.7.20364.11",
          "Microsoft.Extensions.Logging": "5.0.0-preview.7.20364.11",
          "Microsoft.Extensions.Logging.Abstractions": "5.0.0-preview.7.20364.11",
          "Microsoft.Extensions.Logging.Configuration": "5.0.0-preview.7.20364.11",
          "Microsoft.Extensions.Options": "5.0.0-preview.7.20364.11"
        }
      },
      "Microsoft.Extensions.Logging.Debug": {
        "type": "Transitive",
        "resolved": "5.0.0-preview.7.20364.11",
        "contentHash": "kM/V+uy2a3xGL9tsLF9lHaUJV71JNt9y5IbPkgPSDDqpBDLazrLHhFs3wfhHFSPxq1S0aNWQZzoQ5tZdoLu8cg==",
        "dependencies": {
          "Microsoft.Extensions.DependencyInjection.Abstractions": "5.0.0-preview.7.20364.11",
          "Microsoft.Extensions.Logging": "5.0.0-preview.7.20364.11",
          "Microsoft.Extensions.Logging.Abstractions": "5.0.0-preview.7.20364.11"
        }
      },
      "Microsoft.Extensions.Logging.EventLog": {
        "type": "Transitive",
        "resolved": "5.0.0-preview.7.20364.11",
        "contentHash": "eUdwHXGsGbV2k/G4NNQaCo0Pwimzdy558tpFvT5DHJr01EqK3heDqJgHAL9SlEBLmV8wQ3+yur697EsRU7j52Q==",
        "dependencies": {
          "Microsoft.Extensions.DependencyInjection.Abstractions": "5.0.0-preview.7.20364.11",
          "Microsoft.Extensions.Logging": "5.0.0-preview.7.20364.11",
          "Microsoft.Extensions.Logging.Abstractions": "5.0.0-preview.7.20364.11",
          "Microsoft.Extensions.Options": "5.0.0-preview.7.20364.11",
          "System.Diagnostics.EventLog": "5.0.0-preview.7.20364.11"
        }
      },
      "Microsoft.Extensions.Logging.EventSource": {
        "type": "Transitive",
        "resolved": "5.0.0-preview.7.20364.11",
        "contentHash": "rB907Rjo/hlxL05XJnC9yECuEibCzHu38G3VaLAdNrKJvBobPmGee+0vS67HvoaWQYQ9BxK75jf1DAwbPnn8+g==",
        "dependencies": {
          "Microsoft.Extensions.DependencyInjection.Abstractions": "5.0.0-preview.7.20364.11",
          "Microsoft.Extensions.Logging": "5.0.0-preview.7.20364.11",
          "Microsoft.Extensions.Logging.Abstractions": "5.0.0-preview.7.20364.11",
          "Microsoft.Extensions.Options": "5.0.0-preview.7.20364.11",
          "Microsoft.Extensions.Primitives": "5.0.0-preview.7.20364.11"
        }
      },
      "Microsoft.Extensions.Options": {
        "type": "Transitive",
        "resolved": "5.0.0-preview.7.20364.11",
        "contentHash": "pDwmWnzOsXggAU98IJnAG1ea7egqU3sY8SnHwMpMOG04DUhw1GNArxMlQmUORu5TlMuodEtinS6MdUIdRYal/Q==",
        "dependencies": {
          "Microsoft.Extensions.DependencyInjection.Abstractions": "5.0.0-preview.7.20364.11",
          "Microsoft.Extensions.Primitives": "5.0.0-preview.7.20364.11"
        }
      },
      "Microsoft.Extensions.Options.ConfigurationExtensions": {
        "type": "Transitive",
        "resolved": "5.0.0-preview.7.20364.11",
        "contentHash": "JwmRyRRPjMgJB2ik9QXxyGsFWbxbez5xBqhzKM9grkGOFTCQ7XaAh25bmF5Sj3WzenUCFVRiRHcKgM9rp1ANYg==",
        "dependencies": {
          "Microsoft.Extensions.Configuration.Abstractions": "5.0.0-preview.7.20364.11",
          "Microsoft.Extensions.Configuration.Binder": "5.0.0-preview.7.20364.11",
          "Microsoft.Extensions.DependencyInjection.Abstractions": "5.0.0-preview.7.20364.11",
          "Microsoft.Extensions.Options": "5.0.0-preview.7.20364.11",
          "Microsoft.Extensions.Primitives": "5.0.0-preview.7.20364.11"
        }
      },
      "Microsoft.Extensions.Primitives": {
        "type": "Transitive",
        "resolved": "5.0.0-preview.7.20364.11",
        "contentHash": "ddBYIH2AlflSH7wMT8XKpWpfA08lAn+fU/pVCvY3kt5TRRMXpBgzUDZ39S8MRNXFlqBsJDuapkxKjsv193we6g=="
      },
      "Microsoft.NetCore.Analyzers": {
        "type": "Transitive",
        "resolved": "3.3.0",
        "contentHash": "6qptTHUu1Wfszuf83NhU0IoAb4j7YWOpJs6oc6S4G/nI6aGGWKH/Xi5Vs9L/8lrI74ijEEzPcIwafSQW5ASHtA=="
      },
      "Microsoft.NETCore.Platforms": {
        "type": "Transitive",
        "resolved": "5.0.0-preview.7.20364.11",
        "contentHash": "wK8YPtEFe3AM5XauQ7Gjnpdqb+k6zoEYrmJ25dg8vUzmblkxTc5SS/yLUFlrGeBrOXvcnv3MtSBSWsPDnUN+gg=="
      },
      "Microsoft.NETCore.Targets": {
        "type": "Transitive",
        "resolved": "1.1.0",
        "contentHash": "aOZA3BWfz9RXjpzt0sRJJMjAscAUm3Hoa4UWAfceV9UTYxgwZ1lZt5nO2myFf+/jetYQo4uTP7zS8sJY67BBxg=="
      },
      "Microsoft.NetFramework.Analyzers": {
        "type": "Transitive",
        "resolved": "3.3.0",
        "contentHash": "JTfMic5fEFWICePbr7GXOGPranqS9Qxu2U/BZEcnnGbK1SFW8TxRyGp6O1L52xsbfOdqmzjc0t5ubhDrjj+Xpg=="
      },
      "Microsoft.Win32.Registry": {
        "type": "Transitive",
        "resolved": "5.0.0-preview.7.20364.11",
        "contentHash": "P9JBAeKLwOgor/q8LZJSFsNMZkbQDdW3/QMFv8vaxqNSwbh1MuQiU4f0JpA/r1346VRbrgwF2VepTisaJXENFw==",
        "dependencies": {
          "System.Security.AccessControl": "5.0.0-preview.7.20364.11",
          "System.Security.Principal.Windows": "5.0.0-preview.7.20364.11"
        }
      },
      "Newtonsoft.Json": {
        "type": "Transitive",
        "resolved": "12.0.3",
        "contentHash": "6mgjfnRB4jKMlzHSl+VD+oUc1IebOZabkbyWj2RiTgWwYPPuaK1H97G1sHqGwPlS5npiF5Q0OrxN1wni2n5QWg=="
      },
      "Serilog": {
        "type": "Transitive",
        "resolved": "2.8.0",
        "contentHash": "zjuKXW5IQws43IHX7VY9nURsaCiBYh2kyJCWLJRSWrTsx/syBKHV8MibWe2A+QH3Er0AiwA+OJmO3DhFJDY1+A==",
        "dependencies": {
          "System.Collections.NonGeneric": "4.3.0"
        }
      },
      "Serilog.Extensions.Logging": {
        "type": "Transitive",
        "resolved": "3.0.1",
        "contentHash": "U0xbGoZuxJRjE3C5vlCfrf9a4xHTmbrCXKmaA14cHAqiT1Qir0rkV7Xss9GpPJR3MRYH19DFUUqZ9hvWeJrzdQ==",
        "dependencies": {
          "Microsoft.Extensions.Logging": "2.0.0",
          "Serilog": "2.8.0"
        }
      },
      "System.Collections.Immutable": {
        "type": "Transitive",
        "resolved": "5.0.0-preview.7.20364.11",
        "contentHash": "MNZ/H3osa/kC2viO6Oj1HWLQlICct/uhQnNEGbnpO2rUmv75ERTgN63zY/72zZ3Ri78VMGMrIHdNak6F+0hLbA=="
      },
      "System.Collections.NonGeneric": {
        "type": "Transitive",
        "resolved": "4.3.0",
        "contentHash": "prtjIEMhGUnQq6RnPEYLpFt8AtLbp9yq2zxOSrY7KJJZrw25Fi97IzBqY7iqssbM61Ek5b8f3MG/sG1N2sN5KA==",
        "dependencies": {
          "System.Diagnostics.Debug": "4.3.0",
          "System.Globalization": "4.3.0",
          "System.Resources.ResourceManager": "4.3.0",
          "System.Runtime": "4.3.0",
          "System.Runtime.Extensions": "4.3.0",
          "System.Threading": "4.3.0"
        }
      },
      "System.Diagnostics.Debug": {
        "type": "Transitive",
        "resolved": "4.3.0",
        "contentHash": "ZUhUOdqmaG5Jk3Xdb8xi5kIyQYAA4PnTNlHx1mu9ZY3qv4ELIdKbnL/akbGaKi2RnNUWaZsAs31rvzFdewTj2g==",
        "dependencies": {
          "Microsoft.NETCore.Platforms": "1.1.0",
          "Microsoft.NETCore.Targets": "1.1.0",
          "System.Runtime": "4.3.0"
        }
      },
      "System.Diagnostics.EventLog": {
        "type": "Transitive",
        "resolved": "5.0.0-preview.7.20364.11",
        "contentHash": "2UAQgvHxmoZ2YDoiFhMgZQkTEPUdG6lg8+l3sh8UoZGpTtgf14aVEQb9WofKham6yGQBKm5+OiK316EZSOJGYQ==",
        "dependencies": {
          "Microsoft.NETCore.Platforms": "5.0.0-preview.7.20364.11",
          "Microsoft.Win32.Registry": "5.0.0-preview.7.20364.11",
          "System.Security.Principal.Windows": "5.0.0-preview.7.20364.11"
        }
      },
      "System.Globalization": {
        "type": "Transitive",
        "resolved": "4.3.0",
        "contentHash": "kYdVd2f2PAdFGblzFswE4hkNANJBKRmsfa2X5LG2AcWE1c7/4t0pYae1L8vfZ5xvE2nK/R9JprtToA61OSHWIg==",
        "dependencies": {
          "Microsoft.NETCore.Platforms": "1.1.0",
          "Microsoft.NETCore.Targets": "1.1.0",
          "System.Runtime": "4.3.0"
        }
      },
      "System.IO": {
        "type": "Transitive",
        "resolved": "4.3.0",
        "contentHash": "3qjaHvxQPDpSOYICjUoTsmoq5u6QJAFRUITgeT/4gqkF1bajbSmb1kwSxEA8AHlofqgcKJcM8udgieRNhaJ5Cg==",
        "dependencies": {
          "Microsoft.NETCore.Platforms": "1.1.0",
          "Microsoft.NETCore.Targets": "1.1.0",
          "System.Runtime": "4.3.0",
          "System.Text.Encoding": "4.3.0",
          "System.Threading.Tasks": "4.3.0"
        }
      },
      "System.Memory": {
        "type": "Transitive",
        "resolved": "4.5.4",
        "contentHash": "1MbJTHS1lZ4bS4FmsJjnuGJOu88ZzTT2rLvrhW7Ygic+pC0NWA+3hgAen0HRdsocuQXCkUTdFn9yHJJhsijDXw=="
      },
      "System.Reflection": {
        "type": "Transitive",
        "resolved": "4.3.0",
        "contentHash": "KMiAFoW7MfJGa9nDFNcfu+FpEdiHpWgTcS2HdMpDvt9saK3y/G4GwprPyzqjFH9NTaGPQeWNHU+iDlDILj96aQ==",
        "dependencies": {
          "Microsoft.NETCore.Platforms": "1.1.0",
          "Microsoft.NETCore.Targets": "1.1.0",
          "System.IO": "4.3.0",
          "System.Reflection.Primitives": "4.3.0",
          "System.Runtime": "4.3.0"
        }
      },
      "System.Reflection.Metadata": {
        "type": "Transitive",
        "resolved": "1.6.0",
        "contentHash": "COC1aiAJjCoA5GBF+QKL2uLqEBew4JsCkQmoHKbN3TlOZKa2fKLz5CpiRQKDz0RsAOEGsVKqOD5bomsXq/4STQ=="
      },
      "System.Reflection.Primitives": {
        "type": "Transitive",
        "resolved": "4.3.0",
        "contentHash": "5RXItQz5As4xN2/YUDxdpsEkMhvw3e6aNveFXUn4Hl/udNTCNhnKp8lT9fnc3MhvGKh1baak5CovpuQUXHAlIA==",
        "dependencies": {
          "Microsoft.NETCore.Platforms": "1.1.0",
          "Microsoft.NETCore.Targets": "1.1.0",
          "System.Runtime": "4.3.0"
        }
      },
      "System.Resources.ResourceManager": {
        "type": "Transitive",
        "resolved": "4.3.0",
        "contentHash": "/zrcPkkWdZmI4F92gL/TPumP98AVDu/Wxr3CSJGQQ+XN6wbRZcyfSKVoPo17ilb3iOr0cCRqJInGwNMolqhS8A==",
        "dependencies": {
          "Microsoft.NETCore.Platforms": "1.1.0",
          "Microsoft.NETCore.Targets": "1.1.0",
          "System.Globalization": "4.3.0",
          "System.Reflection": "4.3.0",
          "System.Runtime": "4.3.0"
        }
      },
      "System.Runtime": {
        "type": "Transitive",
        "resolved": "4.3.0",
        "contentHash": "JufQi0vPQ0xGnAczR13AUFglDyVYt4Kqnz1AZaiKZ5+GICq0/1MH/mO/eAJHt/mHW1zjKBJd7kV26SrxddAhiw==",
        "dependencies": {
          "Microsoft.NETCore.Platforms": "1.1.0",
          "Microsoft.NETCore.Targets": "1.1.0"
        }
      },
      "System.Runtime.CompilerServices.Unsafe": {
        "type": "Transitive",
        "resolved": "4.7.0",
        "contentHash": "IpU1lcHz8/09yDr9N+Juc7SCgNUz+RohkCQI+KsWKR67XxpFr8Z6c8t1iENCXZuRuNCc4HBwme/MDHNVCwyAKg=="
      },
      "System.Runtime.Extensions": {
        "type": "Transitive",
        "resolved": "4.3.0",
        "contentHash": "guW0uK0fn5fcJJ1tJVXYd7/1h5F+pea1r7FLSOz/f8vPEqbR2ZAknuRDvTQ8PzAilDveOxNjSfr0CHfIQfFk8g==",
        "dependencies": {
          "Microsoft.NETCore.Platforms": "1.1.0",
          "Microsoft.NETCore.Targets": "1.1.0",
          "System.Runtime": "4.3.0"
        }
      },
      "System.Security.AccessControl": {
        "type": "Transitive",
        "resolved": "5.0.0-preview.7.20364.11",
        "contentHash": "/JWmXYrDPXVN2317R7kZWt9S5dx2mjKZ0s+Zs1+MGRn6utT+oYpKUEVXoWLjqIWX0wUNu2bwLjudaBirf7J6eA==",
        "dependencies": {
          "Microsoft.NETCore.Platforms": "5.0.0-preview.7.20364.11",
          "System.Security.Principal.Windows": "5.0.0-preview.7.20364.11"
        }
      },
      "System.Security.Principal.Windows": {
        "type": "Transitive",
        "resolved": "5.0.0-preview.7.20364.11",
        "contentHash": "UAuPpgLE1u7Aflefr0vyfmkzfoTDHtHFtQe8dArZicLKSfKRakf1gOE/D4xTpLmUm55LBqu3gEBk9Hq3rHpaLw=="
      },
      "System.Text.Encoding": {
        "type": "Transitive",
        "resolved": "4.3.0",
        "contentHash": "BiIg+KWaSDOITze6jGQynxg64naAPtqGHBwDrLaCtixsa5bKiR8dpPOHA7ge3C0JJQizJE+sfkz1wV+BAKAYZw==",
        "dependencies": {
          "Microsoft.NETCore.Platforms": "1.1.0",
          "Microsoft.NETCore.Targets": "1.1.0",
          "System.Runtime": "4.3.0"
        }
      },
      "System.Text.Encoding.CodePages": {
        "type": "Transitive",
        "resolved": "4.5.1",
        "contentHash": "4J2JQXbftjPMppIHJ7IC+VXQ9XfEagN92vZZNoG12i+zReYlim5dMoXFC1Zzg7tsnKDM7JPo5bYfFK4Jheq44w==",
        "dependencies": {
          "Microsoft.NETCore.Platforms": "2.1.2",
          "System.Runtime.CompilerServices.Unsafe": "4.5.2"
        }
      },
      "System.Threading": {
        "type": "Transitive",
        "resolved": "4.3.0",
        "contentHash": "VkUS0kOBcUf3Wwm0TSbrevDDZ6BlM+b/HRiapRFWjM5O0NS0LviG0glKmFK+hhPDd1XFeSdU1GmlLhb2CoVpIw==",
        "dependencies": {
          "System.Runtime": "4.3.0",
          "System.Threading.Tasks": "4.3.0"
        }
      },
      "System.Threading.Tasks": {
        "type": "Transitive",
        "resolved": "4.3.0",
        "contentHash": "LbSxKEdOUhVe8BezB/9uOGGppt+nZf6e1VFyw6v3DN6lqitm0OSn2uXMOdtP0M3W4iMcqcivm2J6UgqiwwnXiA==",
        "dependencies": {
          "Microsoft.NETCore.Platforms": "1.1.0",
          "Microsoft.NETCore.Targets": "1.1.0",
          "System.Runtime": "4.3.0"
        }
      },
      "System.Threading.Tasks.Extensions": {
        "type": "Transitive",
        "resolved": "4.5.3",
        "contentHash": "+MvhNtcvIbqmhANyKu91jQnvIRVSTiaOiFNfKWwXGHG48YAb4I/TyH8spsySiPYla7gKal5ZnF3teJqZAximyQ=="
      },
      "arbor.kvconfiguration.core": {
        "type": "Project",
        "dependencies": {
          "JetBrains.Annotations": "2019.1.3",
          "Microsoft.CodeAnalysis.CSharp": "3.7.0",
          "Microsoft.Extensions.Primitives": "5.0.0-preview.7.20364.11",
          "System.Collections.Immutable": "5.0.0-preview.7.20364.11"
        }
      },
      "arbor.kvconfiguration.schema.json": {
        "type": "Project",
        "dependencies": {
          "Arbor.KVConfiguration.Core": "1.0.0",
          "JetBrains.Annotations": "2019.1.3",
          "Microsoft.CodeAnalysis.CSharp": "3.7.0",
          "Newtonsoft.Json": "12.0.3",
          "System.Collections.Immutable": "5.0.0-preview.7.20364.11"
        }
      },
      "arbor.primitives": {
        "type": "Project",
        "dependencies": {
          "Microsoft.CodeAnalysis.CSharp": "3.7.0",
          "System.Memory": "4.5.4"
        }
      }
    }
  }
}