{
  "version": 1,
  "dependencies": {
    "net8.0": {
      "JetBrains.Annotations": {
        "type": "Direct",
        "requested": "[2023.3.0, )",
        "resolved": "2023.3.0",
        "contentHash": "PHfnvdBUdGaTVG9bR/GEfxgTwWM0Z97Y6X3710wiljELBISipSfF5okn/vz+C2gfO+ihoEyVPjaJwn8ZalVukA=="
      },
      "Microsoft.CodeAnalysis.Analyzers": {
        "type": "Direct",
        "requested": "[3.3.4, )",
        "resolved": "3.3.4",
        "contentHash": "AxkxcPR+rheX0SmvpLVIGLhOUXAKG56a64kV9VQZ4y9gR9ZmPXnqZvHJnmwLSwzrEP6junUF11vuc+aqo5r68g=="
      },
      "Microsoft.CodeAnalysis.CSharp": {
        "type": "Direct",
        "requested": "[4.9.2, )",
        "resolved": "4.9.2",
        "contentHash": "HGIo7E9Mf3exAJbUdYpDFfLoYkSVaHDJXPyusWTYUTBaOPCowGw+Gap5McE1w+K+ryIXre72oiqL88sQHmHBmg==",
        "dependencies": {
          "Microsoft.CodeAnalysis.Common": "[4.9.2]"
        }
      },
      "Microsoft.Extensions.Configuration": {
        "type": "Direct",
        "requested": "[8.0.0, )",
        "resolved": "8.0.0",
        "contentHash": "0J/9YNXTMWSZP2p2+nvl8p71zpSwokZXZuJW+VjdErkegAnFdO1XlqtA62SJtgVYHdKu3uPxJHcMR/r35HwFBA==",
        "dependencies": {
          "Microsoft.Extensions.Configuration.Abstractions": "8.0.0",
          "Microsoft.Extensions.Primitives": "8.0.0"
        }
      },
      "Microsoft.CodeAnalysis.Common": {
        "type": "Transitive",
        "resolved": "4.9.2",
        "contentHash": "M5PThug7b2AdxL7xKmQs50KzAQTl9jENw5jMT3iUt16k+DAFlw1S87juU3UuPs3gvBm8trMBSOEvSFDr31c9Vw==",
        "dependencies": {
          "Microsoft.CodeAnalysis.Analyzers": "3.3.4",
          "System.Collections.Immutable": "8.0.0",
          "System.Reflection.Metadata": "8.0.0",
          "System.Runtime.CompilerServices.Unsafe": "6.0.0"
        }
      },
      "Microsoft.CSharp": {
        "type": "Transitive",
        "resolved": "4.7.0",
        "contentHash": "pTj+D3uJWyN3My70i2Hqo+OXixq3Os2D1nJ2x92FFo6sk8fYS1m1WLNTs0Dc1uPaViH0YvEEwvzddQ7y4rhXmA=="
      },
      "Microsoft.Extensions.Configuration.Abstractions": {
        "type": "Transitive",
        "resolved": "8.0.0",
        "contentHash": "3lE/iLSutpgX1CC0NOW70FJoGARRHbyKmG7dc0klnUZ9Dd9hS6N/POPWhKhMLCEuNN5nXEY5agmlFtH562vqhQ==",
        "dependencies": {
          "Microsoft.Extensions.Primitives": "8.0.0"
        }
      },
      "Microsoft.Extensions.DependencyInjection.Abstractions": {
        "type": "Transitive",
        "resolved": "8.0.1",
        "contentHash": "fGLiCRLMYd00JYpClraLjJTNKLmMJPnqxMaiRzEBIIvevlzxz33mXy39Lkd48hu1G+N21S7QpaO5ZzKsI6FRuA=="
      },
      "Microsoft.Extensions.Primitives": {
        "type": "Transitive",
        "resolved": "8.0.0",
        "contentHash": "bXJEZrW9ny8vjMF1JV253WeLhpEVzFo1lyaZu1vQ4ZxWUlVvknZ/+ftFgVheLubb4eZPSwwxBeqS1JkCOjxd8g=="
      },
      "Newtonsoft.Json": {
        "type": "Transitive",
        "resolved": "13.0.3",
        "contentHash": "HrC5BXdl00IP9zeV+0Z848QWPAoCr9P3bDEZguI+gkLcBKAOxix/tLEAAHC+UvDNPv4a2d18lOReHMOagPa+zQ=="
      },
      "System.Collections.Immutable": {
        "type": "Transitive",
        "resolved": "8.0.0",
        "contentHash": "AurL6Y5BA1WotzlEvVaIDpqzpIPvYnnldxru8oXJU2yFxFUy3+pNXjXd1ymO+RA0rq0+590Q8gaz2l3Sr7fmqg=="
      },
      "System.ComponentModel.Annotations": {
        "type": "Transitive",
        "resolved": "5.0.0",
        "contentHash": "dMkqfy2el8A8/I76n2Hi1oBFEbG1SfxD2l5nhwXV3XjlnOmwxJlQbYpJH4W51odnU9sARCSAgv7S3CyAFMkpYg=="
      },
      "System.Reflection.Metadata": {
        "type": "Transitive",
        "resolved": "8.0.0",
        "contentHash": "ptvgrFh7PvWI8bcVqG5rsA/weWM09EnthFHR5SCnS6IN+P4mj6rE1lBDC4U8HL9/57htKAqy4KQ3bBj84cfYyQ==",
        "dependencies": {
          "System.Collections.Immutable": "8.0.0"
        }
      },
      "System.Runtime.CompilerServices.Unsafe": {
        "type": "Transitive",
        "resolved": "6.0.0",
        "contentHash": "/iUeP3tq1S0XdNNoMz5C9twLSrM/TH+qElHkXWaPvuNOt+99G75NrV0OS2EqHx5wMN7popYjpc8oTjC1y16DLg=="
      },
      "arbor.kvconfiguration.core": {
        "type": "Project",
        "dependencies": {
          "JetBrains.Annotations": "[2023.3.0, )",
          "Microsoft.CodeAnalysis.CSharp": "[4.9.2, )",
          "Microsoft.Extensions.Primitives": "[8.0.0, )"
        }
      },
      "arbor.kvconfiguration.dependencyinjection": {
        "type": "Project",
        "dependencies": {
          "Arbor.KVConfiguration.Core": "[1.0.0, )",
          "Arbor.KVConfiguration.Urns": "[1.0.0, )",
          "Microsoft.CodeAnalysis.CSharp": "[4.9.2, )",
          "Microsoft.Extensions.DependencyInjection.Abstractions": "[8.0.1, )"
        }
      },
      "arbor.kvconfiguration.microsoft.extensions.configuration.urns": {
        "type": "Project",
        "dependencies": {
          "Arbor.KVConfiguration.Core": "[1.0.0, )",
          "Arbor.KVConfiguration.Urns": "[1.0.0, )",
          "JetBrains.Annotations": "[2023.3.0, )",
          "Microsoft.CodeAnalysis.CSharp": "[4.9.2, )",
          "Microsoft.Extensions.Configuration": "[8.0.0, )",
          "Microsoft.Extensions.Configuration.Abstractions": "[8.0.0, )",
          "Microsoft.Extensions.DependencyInjection.Abstractions": "[8.0.1, )",
          "System.Collections.Immutable": "[8.0.0, )"
        }
      },
      "arbor.kvconfiguration.schema": {
        "type": "Project",
        "dependencies": {
          "Arbor.KVConfiguration.Core": "[1.0.0, )",
          "JetBrains.Annotations": "[2023.3.0, )",
          "Microsoft.CodeAnalysis.CSharp": "[4.9.2, )",
          "System.Collections.Immutable": "[8.0.0, )"
        }
      },
      "arbor.kvconfiguration.urns": {
        "type": "Project",
        "dependencies": {
          "Arbor.KVConfiguration.Core": "[1.0.0, )",
          "Arbor.KVConfiguration.Schema": "[1.0.0, )",
          "Arbor.Primitives": "[1.0.0, )",
          "JetBrains.Annotations": "[2023.3.0, )",
          "Microsoft.CSharp": "[4.7.0, )",
          "Microsoft.CodeAnalysis.CSharp": "[4.9.2, )",
          "Newtonsoft.Json": "[13.0.3, )",
          "System.Collections.Immutable": "[8.0.0, )",
          "System.ComponentModel.Annotations": "[5.0.0, )"
        }
      },
      "arbor.primitives": {
        "type": "Project",
        "dependencies": {
          "Microsoft.CodeAnalysis.CSharp": "[4.9.2, )"
        }
      }
    }
  }
}