{
  "version": 1,
  "dependencies": {
    ".NETCoreApp,Version=v5.0": {
      "Microsoft.CodeAnalysis.Analyzers": {
        "type": "Direct",
        "requested": "[*, )",
        "resolved": "3.3.2",
        "contentHash": "7xt6zTlIEizUgEsYAIgm37EbdkiMmr6fP6J9pDoKEpiGM4pi32BCPGr/IczmSJI9Zzp0a6HOzpr9OvpMP+2veA=="
      },
      "Microsoft.CodeAnalysis.CSharp": {
        "type": "Direct",
        "requested": "[3.11.0, )",
        "resolved": "3.11.0",
        "contentHash": "aDRRb7y/sXoJyDqFEQ3Il9jZxyUMHkShzZeCRjQf3SS84n2J0cTEi3TbwVZE9XJvAeMJhGfVVxwOdjYBg6ljmw==",
        "dependencies": {
          "Microsoft.CodeAnalysis.Common": "[3.11.0]"
        }
      },
      "Microsoft.CodeAnalysis.Common": {
        "type": "Transitive",
        "resolved": "3.11.0",
        "contentHash": "FDKSkRRXnaEWMa2ONkLMo0ZAt/uiV1XIXyodwKIgP1AMIKA7JJKXx/OwFVsvkkUT4BeobLwokoxFw70fICahNg==",
        "dependencies": {
          "Microsoft.CodeAnalysis.Analyzers": "3.3.2",
          "System.Collections.Immutable": "5.0.0",
          "System.Memory": "4.5.4",
          "System.Reflection.Metadata": "5.0.0",
          "System.Runtime.CompilerServices.Unsafe": "5.0.0",
          "System.Text.Encoding.CodePages": "4.5.1",
          "System.Threading.Tasks.Extensions": "4.5.4"
        }
      },
      "Microsoft.NETCore.Platforms": {
        "type": "Transitive",
        "resolved": "2.1.2",
        "contentHash": "mOJy3M0UN+LUG21dLGMxaWZEP6xYpQEpLuvuEQBaownaX4YuhH6NmNUlN9si+vNkAS6dwJ//N1O4DmLf2CikVg=="
      },
      "System.Collections.Immutable": {
        "type": "Transitive",
        "resolved": "5.0.0",
        "contentHash": "FXkLXiK0sVVewcso0imKQoOxjoPAj42R8HtjjbSjVPAzwDfzoyoznWxgA3c38LDbN9SJux1xXoXYAhz98j7r2g=="
      },
      "System.Memory": {
        "type": "Transitive",
        "resolved": "4.5.4",
        "contentHash": "1MbJTHS1lZ4bS4FmsJjnuGJOu88ZzTT2rLvrhW7Ygic+pC0NWA+3hgAen0HRdsocuQXCkUTdFn9yHJJhsijDXw=="
      },
      "System.Reflection.Metadata": {
        "type": "Transitive",
        "resolved": "5.0.0",
        "contentHash": "5NecZgXktdGg34rh1OenY1rFNDCI8xSjFr+Z4OU4cU06AQHUdRnIIEeWENu3Wl4YowbzkymAIMvi3WyK9U53pQ=="
      },
      "System.Runtime.CompilerServices.Unsafe": {
        "type": "Transitive",
        "resolved": "5.0.0",
        "contentHash": "ZD9TMpsmYJLrxbbmdvhwt9YEgG5WntEnZ/d1eH8JBX9LBp+Ju8BSBhUGbZMNVHHomWo2KVImJhTDl2hIgw/6MA=="
      },
      "System.Text.Encoding.CodePages": {
        "type": "Transitive",
        "resolved": "4.5.1",
        "contentHash": "4J2JQXbftjPMppIHJ7IC+VXQ9XfEagN92vZZNoG12i+zReYlim5dMoXFC1Zzg7tsnKDM7JPo5bYfFK4Jheq44w==",
        "dependencies": {
          "Microsoft.NETCore.Platforms": "2.1.2",
          "System.Runtime.CompilerServices.Unsafe": "4.5.2"
        }
      },
      "System.Threading.Tasks.Extensions": {
        "type": "Transitive",
        "resolved": "4.5.4",
        "contentHash": "zteT+G8xuGu6mS+mzDzYXbzS7rd3K6Fjb9RiZlYlJPam2/hU7JCBZBVEcywNuR+oZ1ncTvc/cq0faRr3P01OVg=="
      }
    },
    "net6.0": {
      "Microsoft.CodeAnalysis.Analyzers": {
        "type": "Direct",
        "requested": "[*, )",
        "resolved": "3.3.2",
        "contentHash": "7xt6zTlIEizUgEsYAIgm37EbdkiMmr6fP6J9pDoKEpiGM4pi32BCPGr/IczmSJI9Zzp0a6HOzpr9OvpMP+2veA=="
      },
      "Microsoft.CodeAnalysis.CSharp": {
        "type": "Direct",
        "requested": "[3.11.0, )",
        "resolved": "3.11.0",
        "contentHash": "aDRRb7y/sXoJyDqFEQ3Il9jZxyUMHkShzZeCRjQf3SS84n2J0cTEi3TbwVZE9XJvAeMJhGfVVxwOdjYBg6ljmw==",
        "dependencies": {
          "Microsoft.CodeAnalysis.Common": "[3.11.0]"
        }
      },
      "Microsoft.CodeAnalysis.Common": {
        "type": "Transitive",
        "resolved": "3.11.0",
        "contentHash": "FDKSkRRXnaEWMa2ONkLMo0ZAt/uiV1XIXyodwKIgP1AMIKA7JJKXx/OwFVsvkkUT4BeobLwokoxFw70fICahNg==",
        "dependencies": {
          "Microsoft.CodeAnalysis.Analyzers": "3.3.2",
          "System.Collections.Immutable": "5.0.0",
          "System.Memory": "4.5.4",
          "System.Reflection.Metadata": "5.0.0",
          "System.Runtime.CompilerServices.Unsafe": "5.0.0",
          "System.Text.Encoding.CodePages": "4.5.1",
          "System.Threading.Tasks.Extensions": "4.5.4"
        }
      },
      "Microsoft.NETCore.Platforms": {
        "type": "Transitive",
        "resolved": "2.1.2",
        "contentHash": "mOJy3M0UN+LUG21dLGMxaWZEP6xYpQEpLuvuEQBaownaX4YuhH6NmNUlN9si+vNkAS6dwJ//N1O4DmLf2CikVg=="
      },
      "System.Collections.Immutable": {
        "type": "Transitive",
        "resolved": "5.0.0",
        "contentHash": "FXkLXiK0sVVewcso0imKQoOxjoPAj42R8HtjjbSjVPAzwDfzoyoznWxgA3c38LDbN9SJux1xXoXYAhz98j7r2g=="
      },
      "System.Memory": {
        "type": "Transitive",
        "resolved": "4.5.4",
        "contentHash": "1MbJTHS1lZ4bS4FmsJjnuGJOu88ZzTT2rLvrhW7Ygic+pC0NWA+3hgAen0HRdsocuQXCkUTdFn9yHJJhsijDXw=="
      },
      "System.Reflection.Metadata": {
        "type": "Transitive",
        "resolved": "5.0.0",
        "contentHash": "5NecZgXktdGg34rh1OenY1rFNDCI8xSjFr+Z4OU4cU06AQHUdRnIIEeWENu3Wl4YowbzkymAIMvi3WyK9U53pQ=="
      },
      "System.Runtime.CompilerServices.Unsafe": {
        "type": "Transitive",
        "resolved": "5.0.0",
        "contentHash": "ZD9TMpsmYJLrxbbmdvhwt9YEgG5WntEnZ/d1eH8JBX9LBp+Ju8BSBhUGbZMNVHHomWo2KVImJhTDl2hIgw/6MA=="
      },
      "System.Text.Encoding.CodePages": {
        "type": "Transitive",
        "resolved": "4.5.1",
        "contentHash": "4J2JQXbftjPMppIHJ7IC+VXQ9XfEagN92vZZNoG12i+zReYlim5dMoXFC1Zzg7tsnKDM7JPo5bYfFK4Jheq44w==",
        "dependencies": {
          "Microsoft.NETCore.Platforms": "2.1.2",
          "System.Runtime.CompilerServices.Unsafe": "4.5.2"
        }
      },
      "System.Threading.Tasks.Extensions": {
        "type": "Transitive",
        "resolved": "4.5.4",
        "contentHash": "zteT+G8xuGu6mS+mzDzYXbzS7rd3K6Fjb9RiZlYlJPam2/hU7JCBZBVEcywNuR+oZ1ncTvc/cq0faRr3P01OVg=="
      }
    }
  }
}