
Microsoft Visual Studio Solution File, Format Version 12.00
# Visual Studio 15
VisualStudioVersion = 15.0.27004.2002
MinimumVisualStudioVersion = 10.0.40219.1
Project("{2150E333-8FDC-42A3-9474-1A3956D46DE8}") = "Samples", "Samples", "{D5A28CBE-A2A3-4F3A-BBF1-3B1016FE2A96}"
EndProject
Project("{2150E333-8FDC-42A3-9474-1A3956D46DE8}") = "Tests", "Tests", "{615EC7DF-A967-463D-A633-A7CEB29F1502}"
EndProject
Project("{2150E333-8FDC-42A3-9474-1A3956D46DE8}") = "_Solution Items", "_Solution Items", "{E4810AEC-9736-426D-A723-ED2E90C8DD0F}"
	ProjectSection(SolutionItems) = preProject
		..\.editorconfig = ..\.editorconfig
		..\.gitattributes = ..\.gitattributes
		..\.gitignore = ..\.gitignore
		Arbor.ruleset = Arbor.ruleset
		..\LICENSE.txt = ..\LICENSE.txt
		..\version.json = ..\version.json
	EndProjectSection
EndProject
Project("{2150E333-8FDC-42A3-9474-1A3956D46DE8}") = "Build", "Build", "{053568CA-1161-46E1-82D5-3DDF6D1C1A96}"
	ProjectSection(SolutionItems) = preProject
		..\build\build.bat = ..\build\build.bat
	EndProjectSection
EndProject
Project("{2150E333-8FDC-42A3-9474-1A3956D46DE8}") = "Core", "Core", "{B6593404-264C-4DCA-8E3B-BAA7A13F1489}"
EndProject
Project("{9A19103F-16F7-4668-BE54-9A1E7A4F7556}") = "Arbor.KVConfiguration.Core", "Arbor.KVConfiguration.Core\Arbor.KVConfiguration.Core.csproj", "{2F4A010F-702D-4268-97FD-DF6C31FEC41E}"
EndProject
Project("{9A19103F-16F7-4668-BE54-9A1E7A4F7556}") = "Arbor.KVConfiguration.Microsoft.Extensions.Configuration.Urns", "Arbor.KVConfiguration.Microsoft.Extensions.Configuration.Urns\Arbor.KVConfiguration.Microsoft.Extensions.Configuration.Urns.csproj", "{C0854317-DE02-44A0-A7C3-9EAAE8EEE845}"
EndProject
Project("{9A19103F-16F7-4668-BE54-9A1E7A4F7556}") = "Arbor.KVConfiguration.Urns", "Arbor.KVConfiguration.Urns\Arbor.KVConfiguration.Urns.csproj", "{0B8054D4-D1D9-4E1A-B34E-6DF79EDAA79F}"
EndProject
Project("{9A19103F-16F7-4668-BE54-9A1E7A4F7556}") = "Arbor.KVConfiguration.Schema", "Arbor.KVConfiguration.Schema\Arbor.KVConfiguration.Schema.csproj", "{478302F9-508B-4F44-A259-870D5D734099}"
EndProject
Project("{9A19103F-16F7-4668-BE54-9A1E7A4F7556}") = "Arbor.KVConfiguration.Samples.AspNetCore", "..\samples\Arbor.KVConfiguration.Samples.AspNetCore\Arbor.KVConfiguration.Samples.AspNetCore.csproj", "{88868310-100E-4E69-9175-8DAB7362F341}"
EndProject
Project("{FAE04EC0-301F-11D3-BF4B-00C04F79EFBC}") = "Arbor.KVConfiguration.Samples.Web", "..\samples\Arbor.KVConfiguration.Samples.Web\Arbor.KVConfiguration.Samples.Web.csproj", "{2EC5BE65-4351-4844-A333-3F9F5D2B3823}"
EndProject
Project("{9A19103F-16F7-4668-BE54-9A1E7A4F7556}") = "Arbor.KVConfiguration.Tests.Integration", "..\test\Arbor.KVConfiguration.Tests.Integration\Arbor.KVConfiguration.Tests.Integration.csproj", "{1674333B-1957-4B0B-80D8-1017D51D791D}"
EndProject
Project("{9A19103F-16F7-4668-BE54-9A1E7A4F7556}") = "Arbor.KVConfiguration.Tests.Unit", "..\test\Arbor.KVConfiguration.Tests.Unit\Arbor.KVConfiguration.Tests.Unit.csproj", "{14E727FB-01F8-4B3F-889F-615FBCD20A94}"
EndProject
Project("{9A19103F-16F7-4668-BE54-9A1E7A4F7556}") = "Arbor.KVConfiguration.Samples.ConsoleApp", "..\samples\Arbor.KVConfiguration.Samples.ConsoleApp\Arbor.KVConfiguration.Samples.ConsoleApp.csproj", "{99112E01-CF81-41B5-8D24-AA70CCB6B808}"
EndProject
Project("{9A19103F-16F7-4668-BE54-9A1E7A4F7556}") = "Arbor.KVConfiguration.Schema.Json", "Arbor.KVConfiguration.Schema.Json\Arbor.KVConfiguration.Schema.Json.csproj", "{23440FE2-4100-4F87-8ADD-3785DA7B6AB1}"
EndProject
Project("{9A19103F-16F7-4668-BE54-9A1E7A4F7556}") = "Arbor.KVConfiguration.SystemConfiguration", "Arbor.KVConfiguration.SystemConfiguration\Arbor.KVConfiguration.SystemConfiguration.csproj", "{D5C74FE0-2817-4213-A8A4-66EF48EFC4AD}"
EndProject
Project("{9A19103F-16F7-4668-BE54-9A1E7A4F7556}") = "Arbor.KVConfiguration.UserConfiguration", "Arbor.KVConfiguration.UserConfiguration\Arbor.KVConfiguration.UserConfiguration.csproj", "{600B426D-4CE5-49BE-9FB5-4C0845160475}"
EndProject
Project("{9A19103F-16F7-4668-BE54-9A1E7A4F7556}") = "Arbor.KVConfiguration.JsonConfiguration", "Arbor.KVConfiguration.JsonConfiguration\Arbor.KVConfiguration.JsonConfiguration.csproj", "{AAE5A0AF-94A2-47CA-9DE8-902E6144E3DD}"
EndProject
Project("{FAE04EC0-301F-11D3-BF4B-00C04F79EFBC}") = "Arbor.KVConfiguration.SystemConfiguration.Providers", "Arbor.KVConfiguration.SystemConfiguration.Providers\Arbor.KVConfiguration.SystemConfiguration.Providers.csproj", "{A5E524C1-FBD8-49E5-9980-EE978D06D4AB}"
EndProject
Global
	GlobalSection(SolutionConfigurationPlatforms) = preSolution
		Debug|Any CPU = Debug|Any CPU
		Release|Any CPU = Release|Any CPU
	EndGlobalSection
	GlobalSection(ProjectConfigurationPlatforms) = postSolution
		{2F4A010F-702D-4268-97FD-DF6C31FEC41E}.Debug|Any CPU.ActiveCfg = Debug|Any CPU
		{2F4A010F-702D-4268-97FD-DF6C31FEC41E}.Debug|Any CPU.Build.0 = Debug|Any CPU
		{2F4A010F-702D-4268-97FD-DF6C31FEC41E}.Release|Any CPU.ActiveCfg = Release|Any CPU
		{2F4A010F-702D-4268-97FD-DF6C31FEC41E}.Release|Any CPU.Build.0 = Release|Any CPU
		{C0854317-DE02-44A0-A7C3-9EAAE8EEE845}.Debug|Any CPU.ActiveCfg = Debug|Any CPU
		{C0854317-DE02-44A0-A7C3-9EAAE8EEE845}.Debug|Any CPU.Build.0 = Debug|Any CPU
		{C0854317-DE02-44A0-A7C3-9EAAE8EEE845}.Release|Any CPU.ActiveCfg = Release|Any CPU
		{C0854317-DE02-44A0-A7C3-9EAAE8EEE845}.Release|Any CPU.Build.0 = Release|Any CPU
		{0B8054D4-D1D9-4E1A-B34E-6DF79EDAA79F}.Debug|Any CPU.ActiveCfg = Debug|Any CPU
		{0B8054D4-D1D9-4E1A-B34E-6DF79EDAA79F}.Debug|Any CPU.Build.0 = Debug|Any CPU
		{0B8054D4-D1D9-4E1A-B34E-6DF79EDAA79F}.Release|Any CPU.ActiveCfg = Release|Any CPU
		{0B8054D4-D1D9-4E1A-B34E-6DF79EDAA79F}.Release|Any CPU.Build.0 = Release|Any CPU
		{478302F9-508B-4F44-A259-870D5D734099}.Debug|Any CPU.ActiveCfg = Debug|Any CPU
		{478302F9-508B-4F44-A259-870D5D734099}.Debug|Any CPU.Build.0 = Debug|Any CPU
		{478302F9-508B-4F44-A259-870D5D734099}.Release|Any CPU.ActiveCfg = Release|Any CPU
		{478302F9-508B-4F44-A259-870D5D734099}.Release|Any CPU.Build.0 = Release|Any CPU
		{88868310-100E-4E69-9175-8DAB7362F341}.Debug|Any CPU.ActiveCfg = Debug|Any CPU
		{88868310-100E-4E69-9175-8DAB7362F341}.Debug|Any CPU.Build.0 = Debug|Any CPU
		{88868310-100E-4E69-9175-8DAB7362F341}.Release|Any CPU.ActiveCfg = Release|Any CPU
		{88868310-100E-4E69-9175-8DAB7362F341}.Release|Any CPU.Build.0 = Release|Any CPU
		{2EC5BE65-4351-4844-A333-3F9F5D2B3823}.Debug|Any CPU.ActiveCfg = Debug|Any CPU
		{2EC5BE65-4351-4844-A333-3F9F5D2B3823}.Debug|Any CPU.Build.0 = Debug|Any CPU
		{2EC5BE65-4351-4844-A333-3F9F5D2B3823}.Release|Any CPU.ActiveCfg = Release|Any CPU
		{2EC5BE65-4351-4844-A333-3F9F5D2B3823}.Release|Any CPU.Build.0 = Release|Any CPU
		{1674333B-1957-4B0B-80D8-1017D51D791D}.Debug|Any CPU.ActiveCfg = Debug|Any CPU
		{1674333B-1957-4B0B-80D8-1017D51D791D}.Debug|Any CPU.Build.0 = Debug|Any CPU
		{1674333B-1957-4B0B-80D8-1017D51D791D}.Release|Any CPU.ActiveCfg = Release|Any CPU
		{1674333B-1957-4B0B-80D8-1017D51D791D}.Release|Any CPU.Build.0 = Release|Any CPU
		{14E727FB-01F8-4B3F-889F-615FBCD20A94}.Debug|Any CPU.ActiveCfg = Debug|Any CPU
		{14E727FB-01F8-4B3F-889F-615FBCD20A94}.Debug|Any CPU.Build.0 = Debug|Any CPU
		{14E727FB-01F8-4B3F-889F-615FBCD20A94}.Release|Any CPU.ActiveCfg = Release|Any CPU
		{14E727FB-01F8-4B3F-889F-615FBCD20A94}.Release|Any CPU.Build.0 = Release|Any CPU
		{99112E01-CF81-41B5-8D24-AA70CCB6B808}.Debug|Any CPU.ActiveCfg = Debug|Any CPU
		{99112E01-CF81-41B5-8D24-AA70CCB6B808}.Debug|Any CPU.Build.0 = Debug|Any CPU
		{99112E01-CF81-41B5-8D24-AA70CCB6B808}.Release|Any CPU.ActiveCfg = Release|Any CPU
		{99112E01-CF81-41B5-8D24-AA70CCB6B808}.Release|Any CPU.Build.0 = Release|Any CPU
		{23440FE2-4100-4F87-8ADD-3785DA7B6AB1}.Debug|Any CPU.ActiveCfg = Debug|Any CPU
		{23440FE2-4100-4F87-8ADD-3785DA7B6AB1}.Debug|Any CPU.Build.0 = Debug|Any CPU
		{23440FE2-4100-4F87-8ADD-3785DA7B6AB1}.Release|Any CPU.ActiveCfg = Release|Any CPU
		{23440FE2-4100-4F87-8ADD-3785DA7B6AB1}.Release|Any CPU.Build.0 = Release|Any CPU
		{D5C74FE0-2817-4213-A8A4-66EF48EFC4AD}.Debug|Any CPU.ActiveCfg = Debug|Any CPU
		{D5C74FE0-2817-4213-A8A4-66EF48EFC4AD}.Debug|Any CPU.Build.0 = Debug|Any CPU
		{D5C74FE0-2817-4213-A8A4-66EF48EFC4AD}.Release|Any CPU.ActiveCfg = Release|Any CPU
		{D5C74FE0-2817-4213-A8A4-66EF48EFC4AD}.Release|Any CPU.Build.0 = Release|Any CPU
		{600B426D-4CE5-49BE-9FB5-4C0845160475}.Debug|Any CPU.ActiveCfg = Debug|Any CPU
		{600B426D-4CE5-49BE-9FB5-4C0845160475}.Debug|Any CPU.Build.0 = Debug|Any CPU
		{600B426D-4CE5-49BE-9FB5-4C0845160475}.Release|Any CPU.ActiveCfg = Release|Any CPU
		{600B426D-4CE5-49BE-9FB5-4C0845160475}.Release|Any CPU.Build.0 = Release|Any CPU
		{AAE5A0AF-94A2-47CA-9DE8-902E6144E3DD}.Debug|Any CPU.ActiveCfg = Debug|Any CPU
		{AAE5A0AF-94A2-47CA-9DE8-902E6144E3DD}.Debug|Any CPU.Build.0 = Debug|Any CPU
		{AAE5A0AF-94A2-47CA-9DE8-902E6144E3DD}.Release|Any CPU.ActiveCfg = Release|Any CPU
		{AAE5A0AF-94A2-47CA-9DE8-902E6144E3DD}.Release|Any CPU.Build.0 = Release|Any CPU
		{A5E524C1-FBD8-49E5-9980-EE978D06D4AB}.Debug|Any CPU.ActiveCfg = Debug|Any CPU
		{A5E524C1-FBD8-49E5-9980-EE978D06D4AB}.Debug|Any CPU.Build.0 = Debug|Any CPU
		{A5E524C1-FBD8-49E5-9980-EE978D06D4AB}.Release|Any CPU.ActiveCfg = Release|Any CPU
		{A5E524C1-FBD8-49E5-9980-EE978D06D4AB}.Release|Any CPU.Build.0 = Release|Any CPU
	EndGlobalSection
	GlobalSection(SolutionProperties) = preSolution
		HideSolutionNode = FALSE
	EndGlobalSection
	GlobalSection(NestedProjects) = preSolution
		{2F4A010F-702D-4268-97FD-DF6C31FEC41E} = {B6593404-264C-4DCA-8E3B-BAA7A13F1489}
		{C0854317-DE02-44A0-A7C3-9EAAE8EEE845} = {B6593404-264C-4DCA-8E3B-BAA7A13F1489}
		{0B8054D4-D1D9-4E1A-B34E-6DF79EDAA79F} = {B6593404-264C-4DCA-8E3B-BAA7A13F1489}
		{478302F9-508B-4F44-A259-870D5D734099} = {B6593404-264C-4DCA-8E3B-BAA7A13F1489}
		{88868310-100E-4E69-9175-8DAB7362F341} = {D5A28CBE-A2A3-4F3A-BBF1-3B1016FE2A96}
		{2EC5BE65-4351-4844-A333-3F9F5D2B3823} = {D5A28CBE-A2A3-4F3A-BBF1-3B1016FE2A96}
		{1674333B-1957-4B0B-80D8-1017D51D791D} = {615EC7DF-A967-463D-A633-A7CEB29F1502}
		{14E727FB-01F8-4B3F-889F-615FBCD20A94} = {615EC7DF-A967-463D-A633-A7CEB29F1502}
		{99112E01-CF81-41B5-8D24-AA70CCB6B808} = {D5A28CBE-A2A3-4F3A-BBF1-3B1016FE2A96}
		{23440FE2-4100-4F87-8ADD-3785DA7B6AB1} = {B6593404-264C-4DCA-8E3B-BAA7A13F1489}
		{D5C74FE0-2817-4213-A8A4-66EF48EFC4AD} = {B6593404-264C-4DCA-8E3B-BAA7A13F1489}
		{600B426D-4CE5-49BE-9FB5-4C0845160475} = {B6593404-264C-4DCA-8E3B-BAA7A13F1489}
		{AAE5A0AF-94A2-47CA-9DE8-902E6144E3DD} = {B6593404-264C-4DCA-8E3B-BAA7A13F1489}
		{A5E524C1-FBD8-49E5-9980-EE978D06D4AB} = {B6593404-264C-4DCA-8E3B-BAA7A13F1489}
	EndGlobalSection
	GlobalSection(ExtensibilityGlobals) = postSolution
		SolutionGuid = {A402AF7E-9579-4861-92CB-6C4E5C33D4CF}
	EndGlobalSection
EndGlobal
