
Microsoft Visual Studio Solution File, Format Version 12.00
# Visual Studio 14
VisualStudioVersion = 14.0.24720.0
MinimumVisualStudioVersion = 10.0.40219.1
Project("{FAE04EC0-301F-11D3-BF4B-00C04F79EFBC}") = "Arbor.KVConfiguration.Core", "Arbor.KVConfiguration.Core\Arbor.KVConfiguration.Core.csproj", "{86C8D4E6-C68D-428E-87CC-B3B636DEB19B}"
EndProject
Project("{FAE04EC0-301F-11D3-BF4B-00C04F79EFBC}") = "Arbor.KVConfiguration.SystemConfiguration", "Arbor.KVConfiguration.SystemConfiguration\Arbor.KVConfiguration.SystemConfiguration.csproj", "{4D295C1B-59A2-4885-BD04-29FBF42566BD}"
EndProject
Project("{FAE04EC0-301F-11D3-BF4B-00C04F79EFBC}") = "Arbor.KVConfiguration.JsonConfiguration", "Arbor.KVConfiguration.JsonConfiguration\Arbor.KVConfiguration.JsonConfiguration.csproj", "{93AFFC22-2EAC-43B6-82F6-4CDE18AFD37F}"
EndProject
Project("{FAE04EC0-301F-11D3-BF4B-00C04F79EFBC}") = "Arbor.KVConfiguration.Schema", "Arbor.KVConfiguration.Schema\Arbor.KVConfiguration.Schema.csproj", "{A1D40132-87C2-4FA3-AAD5-C4514EE361EC}"
EndProject
Project("{FAE04EC0-301F-11D3-BF4B-00C04F79EFBC}") = "Arbor.KVConfiguration.Schema.Json", "Arbor.KVConfiguration.Schema.Json\Arbor.KVConfiguration.Schema.Json.csproj", "{6E2974DE-E95F-4378-A1C7-B4964D0E3D73}"
EndProject
Project("{FAE04EC0-301F-11D3-BF4B-00C04F79EFBC}") = "Arbor.KVConfiguration.Tests.Unit", "Arbor.KVConfiguration.Tests.Unit\Arbor.KVConfiguration.Tests.Unit.csproj", "{C28525A2-EE18-491F-9054-58237214403F}"
EndProject
Project("{FAE04EC0-301F-11D3-BF4B-00C04F79EFBC}") = "Arbor.KVConfiguration.Samples.Web", "Arbor.KVConfiguration.Samples.Web\Arbor.KVConfiguration.Samples.Web.csproj", "{2EC5BE65-4351-4844-A333-3F9F5D2B3823}"
EndProject
Project("{FAE04EC0-301F-11D3-BF4B-00C04F79EFBC}") = "Arbor.KVConfiguration.UserConfiguration", "Arbor.KVConfiguration.UserConfiguration\Arbor.KVConfiguration.UserConfiguration.csproj", "{74C44061-E904-4338-A775-AE8857A53AE8}"
EndProject
Project("{2150E333-8FDC-42A3-9474-1A3956D46DE8}") = "Samples", "Samples", "{D5A28CBE-A2A3-4F3A-BBF1-3B1016FE2A96}"
EndProject
Project("{2150E333-8FDC-42A3-9474-1A3956D46DE8}") = "Tests", "Tests", "{615EC7DF-A967-463D-A633-A7CEB29F1502}"
EndProject
Project("{2150E333-8FDC-42A3-9474-1A3956D46DE8}") = "Solution Items", "Solution Items", "{E4810AEC-9736-426D-A723-ED2E90C8DD0F}"
	ProjectSection(SolutionItems) = preProject
		..\.editorconfig = ..\.editorconfig
		..\.gitattributes = ..\.gitattributes
		..\.gitignore = ..\.gitignore
		..\LICENSE.txt = ..\LICENSE.txt
	EndProjectSection
EndProject
Project("{2150E333-8FDC-42A3-9474-1A3956D46DE8}") = "Build", "Build", "{053568CA-1161-46E1-82D5-3DDF6D1C1A96}"
	ProjectSection(SolutionItems) = preProject
		..\build\build.bat = ..\build\build.bat
	EndProjectSection
EndProject
Global
	GlobalSection(SolutionConfigurationPlatforms) = preSolution
		Debug|Any CPU = Debug|Any CPU
		Release|Any CPU = Release|Any CPU
	EndGlobalSection
	GlobalSection(ProjectConfigurationPlatforms) = postSolution
		{86C8D4E6-C68D-428E-87CC-B3B636DEB19B}.Debug|Any CPU.ActiveCfg = Debug|Any CPU
		{86C8D4E6-C68D-428E-87CC-B3B636DEB19B}.Debug|Any CPU.Build.0 = Debug|Any CPU
		{86C8D4E6-C68D-428E-87CC-B3B636DEB19B}.Release|Any CPU.ActiveCfg = Release|Any CPU
		{86C8D4E6-C68D-428E-87CC-B3B636DEB19B}.Release|Any CPU.Build.0 = Release|Any CPU
		{4D295C1B-59A2-4885-BD04-29FBF42566BD}.Debug|Any CPU.ActiveCfg = Debug|Any CPU
		{4D295C1B-59A2-4885-BD04-29FBF42566BD}.Debug|Any CPU.Build.0 = Debug|Any CPU
		{4D295C1B-59A2-4885-BD04-29FBF42566BD}.Release|Any CPU.ActiveCfg = Release|Any CPU
		{4D295C1B-59A2-4885-BD04-29FBF42566BD}.Release|Any CPU.Build.0 = Release|Any CPU
		{93AFFC22-2EAC-43B6-82F6-4CDE18AFD37F}.Debug|Any CPU.ActiveCfg = Debug|Any CPU
		{93AFFC22-2EAC-43B6-82F6-4CDE18AFD37F}.Debug|Any CPU.Build.0 = Debug|Any CPU
		{93AFFC22-2EAC-43B6-82F6-4CDE18AFD37F}.Release|Any CPU.ActiveCfg = Release|Any CPU
		{93AFFC22-2EAC-43B6-82F6-4CDE18AFD37F}.Release|Any CPU.Build.0 = Release|Any CPU
		{A1D40132-87C2-4FA3-AAD5-C4514EE361EC}.Debug|Any CPU.ActiveCfg = Debug|Any CPU
		{A1D40132-87C2-4FA3-AAD5-C4514EE361EC}.Debug|Any CPU.Build.0 = Debug|Any CPU
		{A1D40132-87C2-4FA3-AAD5-C4514EE361EC}.Release|Any CPU.ActiveCfg = Release|Any CPU
		{A1D40132-87C2-4FA3-AAD5-C4514EE361EC}.Release|Any CPU.Build.0 = Release|Any CPU
		{6E2974DE-E95F-4378-A1C7-B4964D0E3D73}.Debug|Any CPU.ActiveCfg = Debug|Any CPU
		{6E2974DE-E95F-4378-A1C7-B4964D0E3D73}.Debug|Any CPU.Build.0 = Debug|Any CPU
		{6E2974DE-E95F-4378-A1C7-B4964D0E3D73}.Release|Any CPU.ActiveCfg = Release|Any CPU
		{6E2974DE-E95F-4378-A1C7-B4964D0E3D73}.Release|Any CPU.Build.0 = Release|Any CPU
		{C28525A2-EE18-491F-9054-58237214403F}.Debug|Any CPU.ActiveCfg = Debug|Any CPU
		{C28525A2-EE18-491F-9054-58237214403F}.Debug|Any CPU.Build.0 = Debug|Any CPU
		{C28525A2-EE18-491F-9054-58237214403F}.Release|Any CPU.ActiveCfg = Release|Any CPU
		{C28525A2-EE18-491F-9054-58237214403F}.Release|Any CPU.Build.0 = Release|Any CPU
		{2EC5BE65-4351-4844-A333-3F9F5D2B3823}.Debug|Any CPU.ActiveCfg = Debug|Any CPU
		{2EC5BE65-4351-4844-A333-3F9F5D2B3823}.Debug|Any CPU.Build.0 = Debug|Any CPU
		{2EC5BE65-4351-4844-A333-3F9F5D2B3823}.Release|Any CPU.ActiveCfg = Release|Any CPU
		{2EC5BE65-4351-4844-A333-3F9F5D2B3823}.Release|Any CPU.Build.0 = Release|Any CPU
		{74C44061-E904-4338-A775-AE8857A53AE8}.Debug|Any CPU.ActiveCfg = Debug|Any CPU
		{74C44061-E904-4338-A775-AE8857A53AE8}.Debug|Any CPU.Build.0 = Debug|Any CPU
		{74C44061-E904-4338-A775-AE8857A53AE8}.Release|Any CPU.ActiveCfg = Release|Any CPU
		{74C44061-E904-4338-A775-AE8857A53AE8}.Release|Any CPU.Build.0 = Release|Any CPU
	EndGlobalSection
	GlobalSection(SolutionProperties) = preSolution
		HideSolutionNode = FALSE
	EndGlobalSection
	GlobalSection(NestedProjects) = preSolution
		{C28525A2-EE18-491F-9054-58237214403F} = {615EC7DF-A967-463D-A633-A7CEB29F1502}
		{2EC5BE65-4351-4844-A333-3F9F5D2B3823} = {D5A28CBE-A2A3-4F3A-BBF1-3B1016FE2A96}
	EndGlobalSection
EndGlobal
